
Microsoft Visual Studio Solution File, Format Version 12.00
# Visual Studio Version 16
VisualStudioVersion = 16.0.30621.155
MinimumVisualStudioVersion = 10.0.40219.1
Project("{FAE04EC0-301F-11D3-BF4B-00C04F79EFBC}") = "api-restful", "api-restful\api-restful.csproj", "{664E0825-4C06-4C0D-A717-7292B23B4AA5}"
EndProject
Global
	GlobalSection(SolutionConfigurationPlatforms) = preSolution
		Debug|Any CPU = Debug|Any CPU
		Release|Any CPU = Release|Any CPU
	EndGlobalSection
	GlobalSection(ProjectConfigurationPlatforms) = postSolution
		{664E0825-4C06-4C0D-A717-7292B23B4AA5}.Debug|Any CPU.ActiveCfg = Debug|Any CPU
		{664E0825-4C06-4C0D-A717-7292B23B4AA5}.Debug|Any CPU.Build.0 = Debug|Any CPU
		{664E0825-4C06-4C0D-A717-7292B23B4AA5}.Release|Any CPU.ActiveCfg = Release|Any CPU
		{664E0825-4C06-4C0D-A717-7292B23B4AA5}.Release|Any CPU.Build.0 = Release|Any CPU
	EndGlobalSection
	GlobalSection(SolutionProperties) = preSolution
		HideSolutionNode = FALSE
	EndGlobalSection
	GlobalSection(ExtensibilityGlobals) = postSolution
		SolutionGuid = {10781A0E-4C25-440F-AB81-579D45C89EF1}
	EndGlobalSection
EndGlobal
